// !$*UTF8*$!
{
	archiveVersion = 1;
	classes = {
	};
	objectVersion = 46;
	objects = {

/* Begin PBXBuildFile section */
		685360ED1DA75E5F00092677 /* AppDelegate.swift in Sources */ = {isa = PBXBuildFile; fileRef = 685360EC1DA75E5F00092677 /* AppDelegate.swift */; };
		685360EF1DA75E5F00092677 /* ViewController.swift in Sources */ = {isa = PBXBuildFile; fileRef = 685360EE1DA75E5F00092677 /* ViewController.swift */; };
		685360F21DA75E5F00092677 /* Main.storyboard in Resources */ = {isa = PBXBuildFile; fileRef = 685360F01DA75E5F00092677 /* Main.storyboard */; };
		685360F41DA75E5F00092677 /* Assets.xcassets in Resources */ = {isa = PBXBuildFile; fileRef = 685360F31DA75E5F00092677 /* Assets.xcassets */; };
		685360F71DA75E5F00092677 /* LaunchScreen.storyboard in Resources */ = {isa = PBXBuildFile; fileRef = 685360F51DA75E5F00092677 /* LaunchScreen.storyboard */; };
/* End PBXBuildFile section */

/* Begin PBXFileReference section */
		685360E91DA75E5F00092677 /* sample register.app */ = {isa = PBXFileReference; explicitFileType = wrapper.application; includeInIndex = 0; path = "sample register.app"; sourceTree = BUILT_PRODUCTS_DIR; };
		685360EC1DA75E5F00092677 /* AppDelegate.swift */ = {isa = PBXFileReference; lastKnownFileType = sourcecode.swift; path = AppDelegate.swift; sourceTree = "<group>"; };
		685360EE1DA75E5F00092677 /* ViewController.swift */ = {isa = PBXFileReference; lastKnownFileType = sourcecode.swift; path = ViewController.swift; sourceTree = "<group>"; };
		685360F11DA75E5F00092677 /* Base */ = {isa = PBXFileReference; lastKnownFileType = file.storyboard; name = Base; path = Base.lproj/Main.storyboard; sourceTree = "<group>"; };
		685360F31DA75E5F00092677 /* Assets.xcassets */ = {isa = PBXFileReference; lastKnownFileType = folder.assetcatalog; path = Assets.xcassets; sourceTree = "<group>"; };
		685360F61DA75E5F00092677 /* Base */ = {isa = PBXFileReference; lastKnownFileType = file.storyboard; name = Base; path = Base.lproj/LaunchScreen.storyboard; sourceTree = "<group>"; };
		685360F81DA75E5F00092677 /* Info.plist */ = {isa = PBXFileReference; lastKnownFileType = text.plist.xml; path = Info.plist; sourceTree = "<group>"; };
/* End PBXFileReference section */

/* Begin PBXFrameworksBuildPhase section */
		685360E61DA75E5F00092677 /* Frameworks */ = {
			isa = PBXFrameworksBuildPhase;
			buildActionMask = 2147483647;
			files = (
			);
			runOnlyForDeploymentPostprocessing = 0;
		};
/* End PBXFrameworksBuildPhase section */

/* Begin PBXGroup section */
		685360E01DA75E5F00092677 = {
			isa = PBXGroup;
			children = (
				685360EB1DA75E5F00092677 /* sample register */,
				685360EA1DA75E5F00092677 /* Products */,
			);
			sourceTree = "<group>";
		};
		685360EA1DA75E5F00092677 /* Products */ = {
			isa = PBXGroup;
			children = (
				685360E91DA75E5F00092677 /* sample register.app */,
			);
			name = Products;
			sourceTree = "<group>";
		};
		685360EB1DA75E5F00092677 /* sample register */ = {
			isa = PBXGroup;
			children = (
				685360EC1DA75E5F00092677 /* AppDelegate.swift */,
				685360EE1DA75E5F00092677 /* ViewController.swift */,
				685360F01DA75E5F00092677 /* Main.storyboard */,
				685360F31DA75E5F00092677 /* Assets.xcassets */,
				685360F51DA75E5F00092677 /* LaunchScreen.storyboard */,
				685360F81DA75E5F00092677 /* Info.plist */,
			);
			path = "sample register";
			sourceTree = "<group>";
		};
/* End PBXGroup section */

/* Begin PBXNativeTarget section */
		685360E81DA75E5F00092677 /* sample register */ = {
			isa = PBXNativeTarget;
			buildConfigurationList = 685360FB1DA75E5F00092677 /* Build configuration list for PBXNativeTarget "sample register" */;
			buildPhases = (
				685360E51DA75E5F00092677 /* Sources */,
				685360E61DA75E5F00092677 /* Frameworks */,
				685360E71DA75E5F00092677 /* Resources */,
			);
			buildRules = (
			);
			dependencies = (
			);
			name = "sample register";
			productName = "sample register";
			productReference = 685360E91DA75E5F00092677 /* sample register.app */;
			productType = "com.apple.product-type.application";
		};
/* End PBXNativeTarget section */

/* Begin PBXProject section */
		685360E11DA75E5F00092677 /* Project object */ = {
			isa = PBXProject;
			attributes = {
				LastSwiftUpdateCheck = 0730;
				LastUpgradeCheck = 0730;
				ORGANIZATIONNAME = hiroto.morooka;
				TargetAttributes = {
					685360E81DA75E5F00092677 = {
						CreatedOnToolsVersion = 7.3.1;
					};
				};
			};
			buildConfigurationList = 685360E41DA75E5F00092677 /* Build configuration list for PBXProject "sample register" */;
			compatibilityVersion = "Xcode 3.2";
			developmentRegion = English;
			hasScannedForEncodings = 0;
			knownRegions = (
				en,
				Base,
			);
			mainGroup = 685360E01DA75E5F00092677;
			productRefGroup = 685360EA1DA75E5F00092677 /* Products */;
			projectDirPath = "";
			projectRoot = "";
			targets = (
				685360E81DA75E5F00092677 /* sample register */,
			);
		};
/* End PBXProject section */

/* Begin PBXResourcesBuildPhase section */
		685360E71DA75E5F00092677 /* Resources */ = {
			isa = PBXResourcesBuildPhase;
			buildActionMask = 2147483647;
			files = (
				685360F71DA75E5F00092677 /* LaunchScreen.storyboard in Resources */,
				685360F41DA75E5F00092677 /* Assets.xcassets in Resources */,
				685360F21DA75E5F00092677 /* Main.storyboard in Resources */,
			);
			runOnlyForDeploymentPostprocessing = 0;
		};
/* End PBXResourcesBuildPhase section */

/* Begin PBXSourcesBuildPhase section */
		685360E51DA75E5F00092677 /* Sources */ = {
			isa = PBXSourcesBuildPhase;
			buildActionMask = 2147483647;
			files = (
				685360EF1DA75E5F00092677 /* ViewController.swift in Sources */,
				685360ED1DA75E5F00092677 /* AppDelegate.swift in Sources */,
			);
			runOnlyForDeploymentPostprocessing = 0;
		};
/* End PBXSourcesBuildPhase section */

/* Begin PBXVariantGroup section */
		685360F01DA75E5F00092677 /* Main.storyboard */ = {
			isa = PBXVariantGroup;
			children = (
				685360F11DA75E5F00092677 /* Base */,
			);
			name = Main.storyboard;
			sourceTree = "<group>";
		};
		685360F51DA75E5F00092677 /* LaunchScreen.storyboard */ = {
			isa = PBXVariantGroup;
			children = (
				685360F61DA75E5F00092677 /* Base */,
			);
			name = LaunchScreen.storyboard;
			sourceTree = "<group>";
		};
/* End PBXVariantGroup section */

/* Begin XCBuildConfiguration section */
		685360F91DA75E5F00092677 /* Debug */ = {
			isa = XCBuildConfiguration;
			buildSettings = {
				ALWAYS_SEARCH_USER_PATHS = NO;
				CLANG_ANALYZER_NONNULL = YES;
				CLANG_CXX_LANGUAGE_STANDARD = "gnu++0x";
				CLANG_CXX_LIBRARY = "libc++";
				CLANG_ENABLE_MODULES = YES;
				CLANG_ENABLE_OBJC_ARC = YES;
				CLANG_WARN_BOOL_CONVERSION = YES;
				CLANG_WARN_CONSTANT_CONVERSION = YES;
				CLANG_WARN_DIRECT_OBJC_ISA_USAGE = YES_ERROR;
				CLANG_WARN_EMPTY_BODY = YES;
				CLANG_WARN_ENUM_CONVERSION = YES;
				CLANG_WARN_INT_CONVERSION = YES;
				CLANG_WARN_OBJC_ROOT_CLASS = YES_ERROR;
				CLANG_WARN_UNREACHABLE_CODE = YES;
				CLANG_WARN__DUPLICATE_METHOD_MATCH = YES;
				"CODE_SIGN_IDENTITY[sdk=iphoneos*]" = "iPhone Developer";
				COPY_PHASE_STRIP = NO;
				DEBUG_INFORMATION_FORMAT = dwarf;
				ENABLE_STRICT_OBJC_MSGSEND = YES;
				ENABLE_TESTABILITY = YES;
				GCC_C_LANGUAGE_STANDARD = gnu99;
				GCC_DYNAMIC_NO_PIC = NO;
				GCC_NO_COMMON_BLOCKS = YES;
				GCC_OPTIMIZATION_LEVEL = 0;
				GCC_PREPROCESSOR_DEFINITIONS = (
					"DEBUG=1",
					"$(inherited)",
				);
				GCC_WARN_64_TO_32_BIT_CONVERSION = YES;
				GCC_WARN_ABOUT_RETURN_TYPE = YES_ERROR;
				GCC_WARN_UNDECLARED_SELECTOR = YES;
				GCC_WARN_UNINITIALIZED_AUTOS = YES_AGGRESSIVE;
				GCC_WARN_UNUSED_FUNCTION = YES;
				GCC_WARN_UNUSED_VARIABLE = YES;
				IPHONEOS_DEPLOYMENT_TARGET = 9.3;
				MTL_ENABLE_DEBUG_INFO = YES;
				ONLY_ACTIVE_ARCH = YES;
				SDKROOT = iphoneos;
				SWIFT_OPTIMIZATION_LEVEL = "-Onone";
			};
			name = Debug;
		};
		685360FA1DA75E5F00092677 /* Release */ = {
			isa = XCBuildConfiguration;
			buildSettings = {
				ALWAYS_SEARCH_USER_PATHS = NO;
				CLANG_ANALYZER_NONNULL = YES;
				CLANG_CXX_LANGUAGE_STANDARD = "gnu++0x";
				CLANG_CXX_LIBRARY = "libc++";
				CLANG_ENABLE_MODULES = YES;
				CLANG_ENABLE_OBJC_ARC = YES;
				CLANG_WARN_BOOL_CONVERSION = YES;
				CLANG_WARN_CONSTANT_CONVERSION = YES;
				CLANG_WARN_DIRECT_OBJC_ISA_USAGE = YES_ERROR;
				CLANG_WARN_EMPTY_BODY = YES;
				CLANG_WARN_ENUM_CONVERSION = YES;
				CLANG_WARN_INT_CONVERSION = YES;
				CLANG_WARN_OBJC_ROOT_CLASS = YES_ERROR;
				CLANG_WARN_UNREACHABLE_CODE = YES;
				CLANG_WARN__DUPLICATE_METHOD_MATCH = YES;
				"CODE_SIGN_IDENTITY[sdk=iphoneos*]" = "iPhone Developer";
				COPY_PHASE_STRIP = NO;
				DEBUG_INFORMATION_FORMAT = "dwarf-with-dsym";
				ENABLE_NS_ASSERTIONS = NO;
				ENABLE_STRICT_OBJC_MSGSEND = YES;
				GCC_C_LANGUAGE_STANDARD = gnu99;
				GCC_NO_COMMON_BLOCKS = YES;
				GCC_WARN_64_TO_32_BIT_CONVERSION = YES;
				GCC_WARN_ABOUT_RETURN_TYPE = YES_ERROR;
				GCC_WARN_UNDECLARED_SELECTOR = YES;
				GCC_WARN_UNINITIALIZED_AUTOS = YES_AGGRESSIVE;
				GCC_WARN_UNUSED_FUNCTION = YES;
				GCC_WARN_UNUSED_VARIABLE = YES;
				IPHONEOS_DEPLOYMENT_TARGET = 9.3;
				MTL_ENABLE_DEBUG_INFO = NO;
				SDKROOT = iphoneos;
				VALIDATE_PRODUCT = YES;
			};
			name = Release;
		};
		685360FC1DA75E5F00092677 /* Debug */ = {
			isa = XCBuildConfiguration;
			buildSettings = {
				ASSETCATALOG_COMPILER_APPICON_NAME = AppIcon;
				INFOPLIST_FILE = "sample register/Info.plist";
				LD_RUNPATH_SEARCH_PATHS = "$(inherited) @executable_path/Frameworks";
				PRODUCT_BUNDLE_IDENTIFIER = "com.hiroto.sample-register";
				PRODUCT_NAME = "$(TARGET_NAME)";
			};
			name = Debug;
		};
		685360FD1DA75E5F00092677 /* Release */ = {
			isa = XCBuildConfiguration;
			buildSettings = {
				ASSETCATALOG_COMPILER_APPICON_NAME = AppIcon;
				INFOPLIST_FILE = "sample register/Info.plist";
				LD_RUNPATH_SEARCH_PATHS = "$(inherited) @executable_path/Frameworks";
				PRODUCT_BUNDLE_IDENTIFIER = "com.hiroto.sample-register";
				PRODUCT_NAME = "$(TARGET_NAME)";
			};
			name = Release;
		};
/* End XCBuildConfiguration section */

/* Begin XCConfigurationList section */
		685360E41DA75E5F00092677 /* Build configuration list for PBXProject "sample register" */ = {
			isa = XCConfigurationList;
			buildConfigurations = (
				685360F91DA75E5F00092677 /* Debug */,
				685360FA1DA75E5F00092677 /* Release */,
			);
			defaultConfigurationIsVisible = 0;
			defaultConfigurationName = Release;
		};
		685360FB1DA75E5F00092677 /* Build configuration list for PBXNativeTarget "sample register" */ = {
			isa = XCConfigurationList;
			buildConfigurations = (
				685360FC1DA75E5F00092677 /* Debug */,
				685360FD1DA75E5F00092677 /* Release */,
			);
			defaultConfigurationIsVisible = 0;
		};
/* End XCConfigurationList section */
	};
	rootObject = 685360E11DA75E5F00092677 /* Project object */;
}
